// !$*UTF8*$!
{
	archiveVersion = 1;
	classes = {
	};
	objectVersion = 56;
	objects = {

/* Begin PBXBuildFile section */
		04580B9B2BF75E1000093EA3 /* UserModel.swift in Sources */ = {isa = PBXBuildFile; fileRef = 04580B9A2BF75E1000093EA3 /* UserModel.swift */; };
		04580B9E2BF75E3F00093EA3 /* UserDataService.swift in Sources */ = {isa = PBXBuildFile; fileRef = 04580B9D2BF75E3F00093EA3 /* UserDataService.swift */; };
		047522DE2BF75AFA00A32F19 /* iOS_ExampleApp.swift in Sources */ = {isa = PBXBuildFile; fileRef = 047522DD2BF75AFA00A32F19 /* iOS_ExampleApp.swift */; };
		047522E02BF75AFA00A32F19 /* ContentView.swift in Sources */ = {isa = PBXBuildFile; fileRef = 047522DF2BF75AFA00A32F19 /* ContentView.swift */; };
		047522E22BF75AFB00A32F19 /* Assets.xcassets in Resources */ = {isa = PBXBuildFile; fileRef = 047522E12BF75AFB00A32F19 /* Assets.xcassets */; };
		047522E62BF75AFB00A32F19 /* Preview Assets.xcassets in Resources */ = {isa = PBXBuildFile; fileRef = 047522E52BF75AFB00A32F19 /* Preview Assets.xcassets */; };
		047522F02BF75AFB00A32F19 /* iOS_ExampleTests.swift in Sources */ = {isa = PBXBuildFile; fileRef = 047522EF2BF75AFB00A32F19 /* iOS_ExampleTests.swift */; };
		047522FA2BF75AFB00A32F19 /* iOS_ExampleUITests.swift in Sources */ = {isa = PBXBuildFile; fileRef = 047522F92BF75AFB00A32F19 /* iOS_ExampleUITests.swift */; };
		047522FC2BF75AFB00A32F19 /* iOS_ExampleUITestsLaunchTests.swift in Sources */ = {isa = PBXBuildFile; fileRef = 047522FB2BF75AFB00A32F19 /* iOS_ExampleUITestsLaunchTests.swift */; };
		0475230A2BF75B1F00A32F19 /* SSLazyList in Frameworks */ = {isa = PBXBuildFile; productRef = 047523092BF75B1F00A32F19 /* SSLazyList */; };
		04BFD2E32BFB207E008938B2 /* SSLazyList in Frameworks */ = {isa = PBXBuildFile; productRef = 04BFD2E22BFB207E008938B2 /* SSLazyList */; };
/* End PBXBuildFile section */

/* Begin PBXContainerItemProxy section */
		047522EC2BF75AFB00A32F19 /* PBXContainerItemProxy */ = {
			isa = PBXContainerItemProxy;
			containerPortal = 047522D22BF75AFA00A32F19 /* Project object */;
			proxyType = 1;
			remoteGlobalIDString = 047522D92BF75AFA00A32F19;
			remoteInfo = iOS_Example;
		};
		047522F62BF75AFB00A32F19 /* PBXContainerItemProxy */ = {
			isa = PBXContainerItemProxy;
			containerPortal = 047522D22BF75AFA00A32F19 /* Project object */;
			proxyType = 1;
			remoteGlobalIDString = 047522D92BF75AFA00A32F19;
			remoteInfo = iOS_Example;
		};
/* End PBXContainerItemProxy section */

/* Begin PBXFileReference section */
		04580B9A2BF75E1000093EA3 /* UserModel.swift */ = {isa = PBXFileReference; lastKnownFileType = sourcecode.swift; path = UserModel.swift; sourceTree = "<group>"; };
		04580B9D2BF75E3F00093EA3 /* UserDataService.swift */ = {isa = PBXFileReference; lastKnownFileType = sourcecode.swift; path = UserDataService.swift; sourceTree = "<group>"; };
		047522DA2BF75AFA00A32F19 /* iOS_Example.app */ = {isa = PBXFileReference; explicitFileType = wrapper.application; includeInIndex = 0; path = iOS_Example.app; sourceTree = BUILT_PRODUCTS_DIR; };
		047522DD2BF75AFA00A32F19 /* iOS_ExampleApp.swift */ = {isa = PBXFileReference; lastKnownFileType = sourcecode.swift; path = iOS_ExampleApp.swift; sourceTree = "<group>"; };
		047522DF2BF75AFA00A32F19 /* ContentView.swift */ = {isa = PBXFileReference; lastKnownFileType = sourcecode.swift; path = ContentView.swift; sourceTree = "<group>"; };
		047522E12BF75AFB00A32F19 /* Assets.xcassets */ = {isa = PBXFileReference; lastKnownFileType = folder.assetcatalog; path = Assets.xcassets; sourceTree = "<group>"; };
		047522E32BF75AFB00A32F19 /* iOS_Example.entitlements */ = {isa = PBXFileReference; lastKnownFileType = text.plist.entitlements; path = iOS_Example.entitlements; sourceTree = "<group>"; };
		047522E52BF75AFB00A32F19 /* Preview Assets.xcassets */ = {isa = PBXFileReference; lastKnownFileType = folder.assetcatalog; path = "Preview Assets.xcassets"; sourceTree = "<group>"; };
		047522EB2BF75AFB00A32F19 /* iOS_ExampleTests.xctest */ = {isa = PBXFileReference; explicitFileType = wrapper.cfbundle; includeInIndex = 0; path = iOS_ExampleTests.xctest; sourceTree = BUILT_PRODUCTS_DIR; };
		047522EF2BF75AFB00A32F19 /* iOS_ExampleTests.swift */ = {isa = PBXFileReference; lastKnownFileType = sourcecode.swift; path = iOS_ExampleTests.swift; sourceTree = "<group>"; };
		047522F52BF75AFB00A32F19 /* iOS_ExampleUITests.xctest */ = {isa = PBXFileReference; explicitFileType = wrapper.cfbundle; includeInIndex = 0; path = iOS_ExampleUITests.xctest; sourceTree = BUILT_PRODUCTS_DIR; };
		047522F92BF75AFB00A32F19 /* iOS_ExampleUITests.swift */ = {isa = PBXFileReference; lastKnownFileType = sourcecode.swift; path = iOS_ExampleUITests.swift; sourceTree = "<group>"; };
		047522FB2BF75AFB00A32F19 /* iOS_ExampleUITestsLaunchTests.swift */ = {isa = PBXFileReference; lastKnownFileType = sourcecode.swift; path = iOS_ExampleUITestsLaunchTests.swift; sourceTree = "<group>"; };
/* End PBXFileReference section */

/* Begin PBXFrameworksBuildPhase section */
		047522D72BF75AFA00A32F19 /* Frameworks */ = {
			isa = PBXFrameworksBuildPhase;
			buildActionMask = 2147483647;
			files = (
				04BFD2E32BFB207E008938B2 /* SSLazyList in Frameworks */,
				0475230A2BF75B1F00A32F19 /* SSLazyList in Frameworks */,
			);
			runOnlyForDeploymentPostprocessing = 0;
		};
		047522E82BF75AFB00A32F19 /* Frameworks */ = {
			isa = PBXFrameworksBuildPhase;
			buildActionMask = 2147483647;
			files = (
			);
			runOnlyForDeploymentPostprocessing = 0;
		};
		047522F22BF75AFB00A32F19 /* Frameworks */ = {
			isa = PBXFrameworksBuildPhase;
			buildActionMask = 2147483647;
			files = (
			);
			runOnlyForDeploymentPostprocessing = 0;
		};
/* End PBXFrameworksBuildPhase section */

/* Begin PBXGroup section */
		04580B992BF75E0000093EA3 /* Models */ = {
			isa = PBXGroup;
			children = (
				04580B9A2BF75E1000093EA3 /* UserModel.swift */,
			);
			path = Models;
			sourceTree = "<group>";
		};
		04580B9C2BF75E2300093EA3 /* Services */ = {
			isa = PBXGroup;
			children = (
				04580B9D2BF75E3F00093EA3 /* UserDataService.swift */,
			);
			path = Services;
			sourceTree = "<group>";
		};
		047522D12BF75AFA00A32F19 = {
			isa = PBXGroup;
			children = (
				047522DC2BF75AFA00A32F19 /* iOS_Example */,
				047522EE2BF75AFB00A32F19 /* iOS_ExampleTests */,
				047522F82BF75AFB00A32F19 /* iOS_ExampleUITests */,
				047522DB2BF75AFA00A32F19 /* Products */,
			);
			sourceTree = "<group>";
		};
		047522DB2BF75AFA00A32F19 /* Products */ = {
			isa = PBXGroup;
			children = (
				047522DA2BF75AFA00A32F19 /* iOS_Example.app */,
				047522EB2BF75AFB00A32F19 /* iOS_ExampleTests.xctest */,
				047522F52BF75AFB00A32F19 /* iOS_ExampleUITests.xctest */,
			);
			name = Products;
			sourceTree = "<group>";
		};
		047522DC2BF75AFA00A32F19 /* iOS_Example */ = {
			isa = PBXGroup;
			children = (
				047522DD2BF75AFA00A32F19 /* iOS_ExampleApp.swift */,
				047522DF2BF75AFA00A32F19 /* ContentView.swift */,
				04580B9C2BF75E2300093EA3 /* Services */,
				04580B992BF75E0000093EA3 /* Models */,
				047522E12BF75AFB00A32F19 /* Assets.xcassets */,
				047522E32BF75AFB00A32F19 /* iOS_Example.entitlements */,
				047522E42BF75AFB00A32F19 /* Preview Content */,
			);
			path = iOS_Example;
			sourceTree = "<group>";
		};
		047522E42BF75AFB00A32F19 /* Preview Content */ = {
			isa = PBXGroup;
			children = (
				047522E52BF75AFB00A32F19 /* Preview Assets.xcassets */,
			);
			path = "Preview Content";
			sourceTree = "<group>";
		};
		047522EE2BF75AFB00A32F19 /* iOS_ExampleTests */ = {
			isa = PBXGroup;
			children = (
				047522EF2BF75AFB00A32F19 /* iOS_ExampleTests.swift */,
			);
			path = iOS_ExampleTests;
			sourceTree = "<group>";
		};
		047522F82BF75AFB00A32F19 /* iOS_ExampleUITests */ = {
			isa = PBXGroup;
			children = (
				047522F92BF75AFB00A32F19 /* iOS_ExampleUITests.swift */,
				047522FB2BF75AFB00A32F19 /* iOS_ExampleUITestsLaunchTests.swift */,
			);
			path = iOS_ExampleUITests;
			sourceTree = "<group>";
		};
/* End PBXGroup section */

/* Begin PBXNativeTarget section */
		047522D92BF75AFA00A32F19 /* iOS_Example */ = {
			isa = PBXNativeTarget;
			buildConfigurationList = 047522FF2BF75AFB00A32F19 /* Build configuration list for PBXNativeTarget "iOS_Example" */;
			buildPhases = (
				047522D62BF75AFA00A32F19 /* Sources */,
				047522D72BF75AFA00A32F19 /* Frameworks */,
				047522D82BF75AFA00A32F19 /* Resources */,
			);
			buildRules = (
			);
			dependencies = (
			);
			name = iOS_Example;
			packageProductDependencies = (
				047523092BF75B1F00A32F19 /* SSLazyList */,
				04BFD2E22BFB207E008938B2 /* SSLazyList */,
			);
			productName = iOS_Example;
			productReference = 047522DA2BF75AFA00A32F19 /* iOS_Example.app */;
			productType = "com.apple.product-type.application";
		};
		047522EA2BF75AFB00A32F19 /* iOS_ExampleTests */ = {
			isa = PBXNativeTarget;
			buildConfigurationList = 047523022BF75AFB00A32F19 /* Build configuration list for PBXNativeTarget "iOS_ExampleTests" */;
			buildPhases = (
				047522E72BF75AFB00A32F19 /* Sources */,
				047522E82BF75AFB00A32F19 /* Frameworks */,
				047522E92BF75AFB00A32F19 /* Resources */,
			);
			buildRules = (
			);
			dependencies = (
				047522ED2BF75AFB00A32F19 /* PBXTargetDependency */,
			);
			name = iOS_ExampleTests;
			productName = iOS_ExampleTests;
			productReference = 047522EB2BF75AFB00A32F19 /* iOS_ExampleTests.xctest */;
			productType = "com.apple.product-type.bundle.unit-test";
		};
		047522F42BF75AFB00A32F19 /* iOS_ExampleUITests */ = {
			isa = PBXNativeTarget;
			buildConfigurationList = 047523052BF75AFB00A32F19 /* Build configuration list for PBXNativeTarget "iOS_ExampleUITests" */;
			buildPhases = (
				047522F12BF75AFB00A32F19 /* Sources */,
				047522F22BF75AFB00A32F19 /* Frameworks */,
				047522F32BF75AFB00A32F19 /* Resources */,
			);
			buildRules = (
			);
			dependencies = (
				047522F72BF75AFB00A32F19 /* PBXTargetDependency */,
			);
			name = iOS_ExampleUITests;
			productName = iOS_ExampleUITests;
			productReference = 047522F52BF75AFB00A32F19 /* iOS_ExampleUITests.xctest */;
			productType = "com.apple.product-type.bundle.ui-testing";
		};
/* End PBXNativeTarget section */

/* Begin PBXProject section */
		047522D22BF75AFA00A32F19 /* Project object */ = {
			isa = PBXProject;
			attributes = {
				BuildIndependentTargetsInParallel = 1;
				LastSwiftUpdateCheck = 1530;
				LastUpgradeCheck = 1530;
				TargetAttributes = {
					047522D92BF75AFA00A32F19 = {
						CreatedOnToolsVersion = 15.3;
					};
					047522EA2BF75AFB00A32F19 = {
						CreatedOnToolsVersion = 15.3;
						TestTargetID = 047522D92BF75AFA00A32F19;
					};
					047522F42BF75AFB00A32F19 = {
						CreatedOnToolsVersion = 15.3;
						TestTargetID = 047522D92BF75AFA00A32F19;
					};
				};
			};
			buildConfigurationList = 047522D52BF75AFA00A32F19 /* Build configuration list for PBXProject "iOS_Example" */;
			compatibilityVersion = "Xcode 14.0";
			developmentRegion = en;
			hasScannedForEncodings = 0;
			knownRegions = (
				en,
				Base,
			);
			mainGroup = 047522D12BF75AFA00A32F19;
			packageReferences = (
				04BFD2E12BFB207E008938B2 /* XCRemoteSwiftPackageReference "SSLazyList" */,
			);
			productRefGroup = 047522DB2BF75AFA00A32F19 /* Products */;
			projectDirPath = "";
			projectRoot = "";
			targets = (
				047522D92BF75AFA00A32F19 /* iOS_Example */,
				047522EA2BF75AFB00A32F19 /* iOS_ExampleTests */,
				047522F42BF75AFB00A32F19 /* iOS_ExampleUITests */,
			);
		};
/* End PBXProject section */

/* Begin PBXResourcesBuildPhase section */
		047522D82BF75AFA00A32F19 /* Resources */ = {
			isa = PBXResourcesBuildPhase;
			buildActionMask = 2147483647;
			files = (
				047522E62BF75AFB00A32F19 /* Preview Assets.xcassets in Resources */,
				047522E22BF75AFB00A32F19 /* Assets.xcassets in Resources */,
			);
			runOnlyForDeploymentPostprocessing = 0;
		};
		047522E92BF75AFB00A32F19 /* Resources */ = {
			isa = PBXResourcesBuildPhase;
			buildActionMask = 2147483647;
			files = (
			);
			runOnlyForDeploymentPostprocessing = 0;
		};
		047522F32BF75AFB00A32F19 /* Resources */ = {
			isa = PBXResourcesBuildPhase;
			buildActionMask = 2147483647;
			files = (
			);
			runOnlyForDeploymentPostprocessing = 0;
		};
/* End PBXResourcesBuildPhase section */

/* Begin PBXSourcesBuildPhase section */
		047522D62BF75AFA00A32F19 /* Sources */ = {
			isa = PBXSourcesBuildPhase;
			buildActionMask = 2147483647;
			files = (
				047522E02BF75AFA00A32F19 /* ContentView.swift in Sources */,
				04580B9B2BF75E1000093EA3 /* UserModel.swift in Sources */,
				04580B9E2BF75E3F00093EA3 /* UserDataService.swift in Sources */,
				047522DE2BF75AFA00A32F19 /* iOS_ExampleApp.swift in Sources */,
			);
			runOnlyForDeploymentPostprocessing = 0;
		};
		047522E72BF75AFB00A32F19 /* Sources */ = {
			isa = PBXSourcesBuildPhase;
			buildActionMask = 2147483647;
			files = (
				047522F02BF75AFB00A32F19 /* iOS_ExampleTests.swift in Sources */,
			);
			runOnlyForDeploymentPostprocessing = 0;
		};
		047522F12BF75AFB00A32F19 /* Sources */ = {
			isa = PBXSourcesBuildPhase;
			buildActionMask = 2147483647;
			files = (
				047522FA2BF75AFB00A32F19 /* iOS_ExampleUITests.swift in Sources */,
				047522FC2BF75AFB00A32F19 /* iOS_ExampleUITestsLaunchTests.swift in Sources */,
			);
			runOnlyForDeploymentPostprocessing = 0;
		};
/* End PBXSourcesBuildPhase section */

/* Begin PBXTargetDependency section */
		047522ED2BF75AFB00A32F19 /* PBXTargetDependency */ = {
			isa = PBXTargetDependency;
			target = 047522D92BF75AFA00A32F19 /* iOS_Example */;
			targetProxy = 047522EC2BF75AFB00A32F19 /* PBXContainerItemProxy */;
		};
		047522F72BF75AFB00A32F19 /* PBXTargetDependency */ = {
			isa = PBXTargetDependency;
			target = 047522D92BF75AFA00A32F19 /* iOS_Example */;
			targetProxy = 047522F62BF75AFB00A32F19 /* PBXContainerItemProxy */;
		};
/* End PBXTargetDependency section */

/* Begin XCBuildConfiguration section */
		047522FD2BF75AFB00A32F19 /* Debug */ = {
			isa = XCBuildConfiguration;
			buildSettings = {
				ALWAYS_SEARCH_USER_PATHS = NO;
				ASSETCATALOG_COMPILER_GENERATE_SWIFT_ASSET_SYMBOL_EXTENSIONS = YES;
				CLANG_ANALYZER_NONNULL = YES;
				CLANG_ANALYZER_NUMBER_OBJECT_CONVERSION = YES_AGGRESSIVE;
				CLANG_CXX_LANGUAGE_STANDARD = "gnu++20";
				CLANG_ENABLE_MODULES = YES;
				CLANG_ENABLE_OBJC_ARC = YES;
				CLANG_ENABLE_OBJC_WEAK = YES;
				CLANG_WARN_BLOCK_CAPTURE_AUTORELEASING = YES;
				CLANG_WARN_BOOL_CONVERSION = YES;
				CLANG_WARN_COMMA = YES;
				CLANG_WARN_CONSTANT_CONVERSION = YES;
				CLANG_WARN_DEPRECATED_OBJC_IMPLEMENTATIONS = YES;
				CLANG_WARN_DIRECT_OBJC_ISA_USAGE = YES_ERROR;
				CLANG_WARN_DOCUMENTATION_COMMENTS = YES;
				CLANG_WARN_EMPTY_BODY = YES;
				CLANG_WARN_ENUM_CONVERSION = YES;
				CLANG_WARN_INFINITE_RECURSION = YES;
				CLANG_WARN_INT_CONVERSION = YES;
				CLANG_WARN_NON_LITERAL_NULL_CONVERSION = YES;
				CLANG_WARN_OBJC_IMPLICIT_RETAIN_SELF = YES;
				CLANG_WARN_OBJC_LITERAL_CONVERSION = YES;
				CLANG_WARN_OBJC_ROOT_CLASS = YES_ERROR;
				CLANG_WARN_QUOTED_INCLUDE_IN_FRAMEWORK_HEADER = YES;
				CLANG_WARN_RANGE_LOOP_ANALYSIS = YES;
				CLANG_WARN_STRICT_PROTOTYPES = YES;
				CLANG_WARN_SUSPICIOUS_MOVE = YES;
				CLANG_WARN_UNGUARDED_AVAILABILITY = YES_AGGRESSIVE;
				CLANG_WARN_UNREACHABLE_CODE = YES;
				CLANG_WARN__DUPLICATE_METHOD_MATCH = YES;
				COPY_PHASE_STRIP = NO;
				DEBUG_INFORMATION_FORMAT = dwarf;
				ENABLE_STRICT_OBJC_MSGSEND = YES;
				ENABLE_TESTABILITY = YES;
				ENABLE_USER_SCRIPT_SANDBOXING = YES;
				GCC_C_LANGUAGE_STANDARD = gnu17;
				GCC_DYNAMIC_NO_PIC = NO;
				GCC_NO_COMMON_BLOCKS = YES;
				GCC_OPTIMIZATION_LEVEL = 0;
				GCC_PREPROCESSOR_DEFINITIONS = (
					"DEBUG=1",
					"$(inherited)",
				);
				GCC_WARN_64_TO_32_BIT_CONVERSION = YES;
				GCC_WARN_ABOUT_RETURN_TYPE = YES_ERROR;
				GCC_WARN_UNDECLARED_SELECTOR = YES;
				GCC_WARN_UNINITIALIZED_AUTOS = YES_AGGRESSIVE;
				GCC_WARN_UNUSED_FUNCTION = YES;
				GCC_WARN_UNUSED_VARIABLE = YES;
				IPHONEOS_DEPLOYMENT_TARGET = 15.0;
				LOCALIZATION_PREFERS_STRING_CATALOGS = YES;
				MTL_ENABLE_DEBUG_INFO = INCLUDE_SOURCE;
				MTL_FAST_MATH = YES;
				ONLY_ACTIVE_ARCH = YES;
				SWIFT_ACTIVE_COMPILATION_CONDITIONS = "DEBUG $(inherited)";
				SWIFT_OPTIMIZATION_LEVEL = "-Onone";
			};
			name = Debug;
		};
		047522FE2BF75AFB00A32F19 /* Release */ = {
			isa = XCBuildConfiguration;
			buildSettings = {
				ALWAYS_SEARCH_USER_PATHS = NO;
				ASSETCATALOG_COMPILER_GENERATE_SWIFT_ASSET_SYMBOL_EXTENSIONS = YES;
				CLANG_ANALYZER_NONNULL = YES;
				CLANG_ANALYZER_NUMBER_OBJECT_CONVERSION = YES_AGGRESSIVE;
				CLANG_CXX_LANGUAGE_STANDARD = "gnu++20";
				CLANG_ENABLE_MODULES = YES;
				CLANG_ENABLE_OBJC_ARC = YES;
				CLANG_ENABLE_OBJC_WEAK = YES;
				CLANG_WARN_BLOCK_CAPTURE_AUTORELEASING = YES;
				CLANG_WARN_BOOL_CONVERSION = YES;
				CLANG_WARN_COMMA = YES;
				CLANG_WARN_CONSTANT_CONVERSION = YES;
				CLANG_WARN_DEPRECATED_OBJC_IMPLEMENTATIONS = YES;
				CLANG_WARN_DIRECT_OBJC_ISA_USAGE = YES_ERROR;
				CLANG_WARN_DOCUMENTATION_COMMENTS = YES;
				CLANG_WARN_EMPTY_BODY = YES;
				CLANG_WARN_ENUM_CONVERSION = YES;
				CLANG_WARN_INFINITE_RECURSION = YES;
				CLANG_WARN_INT_CONVERSION = YES;
				CLANG_WARN_NON_LITERAL_NULL_CONVERSION = YES;
				CLANG_WARN_OBJC_IMPLICIT_RETAIN_SELF = YES;
				CLANG_WARN_OBJC_LITERAL_CONVERSION = YES;
				CLANG_WARN_OBJC_ROOT_CLASS = YES_ERROR;
				CLANG_WARN_QUOTED_INCLUDE_IN_FRAMEWORK_HEADER = YES;
				CLANG_WARN_RANGE_LOOP_ANALYSIS = YES;
				CLANG_WARN_STRICT_PROTOTYPES = YES;
				CLANG_WARN_SUSPICIOUS_MOVE = YES;
				CLANG_WARN_UNGUARDED_AVAILABILITY = YES_AGGRESSIVE;
				CLANG_WARN_UNREACHABLE_CODE = YES;
				CLANG_WARN__DUPLICATE_METHOD_MATCH = YES;
				COPY_PHASE_STRIP = NO;
				DEBUG_INFORMATION_FORMAT = "dwarf-with-dsym";
				ENABLE_NS_ASSERTIONS = NO;
				ENABLE_STRICT_OBJC_MSGSEND = YES;
				ENABLE_USER_SCRIPT_SANDBOXING = YES;
				GCC_C_LANGUAGE_STANDARD = gnu17;
				GCC_NO_COMMON_BLOCKS = YES;
				GCC_WARN_64_TO_32_BIT_CONVERSION = YES;
				GCC_WARN_ABOUT_RETURN_TYPE = YES_ERROR;
				GCC_WARN_UNDECLARED_SELECTOR = YES;
				GCC_WARN_UNINITIALIZED_AUTOS = YES_AGGRESSIVE;
				GCC_WARN_UNUSED_FUNCTION = YES;
				GCC_WARN_UNUSED_VARIABLE = YES;
				IPHONEOS_DEPLOYMENT_TARGET = 15.0;
				LOCALIZATION_PREFERS_STRING_CATALOGS = YES;
				MTL_ENABLE_DEBUG_INFO = NO;
				MTL_FAST_MATH = YES;
				SWIFT_COMPILATION_MODE = wholemodule;
			};
			name = Release;
		};
		047523002BF75AFB00A32F19 /* Debug */ = {
			isa = XCBuildConfiguration;
			buildSettings = {
				ASSETCATALOG_COMPILER_APPICON_NAME = AppIcon;
				ASSETCATALOG_COMPILER_GLOBAL_ACCENT_COLOR_NAME = AccentColor;
				CODE_SIGN_ENTITLEMENTS = iOS_Example/iOS_Example.entitlements;
				CODE_SIGN_STYLE = Automatic;
				CURRENT_PROJECT_VERSION = 1;
				DEVELOPMENT_ASSET_PATHS = "\"iOS_Example/Preview Content\"";
				ENABLE_PREVIEWS = YES;
				GENERATE_INFOPLIST_FILE = YES;
				"INFOPLIST_KEY_UIApplicationSceneManifest_Generation[sdk=iphoneos*]" = YES;
				"INFOPLIST_KEY_UIApplicationSceneManifest_Generation[sdk=iphonesimulator*]" = YES;
				"INFOPLIST_KEY_UIApplicationSupportsIndirectInputEvents[sdk=iphoneos*]" = YES;
				"INFOPLIST_KEY_UIApplicationSupportsIndirectInputEvents[sdk=iphonesimulator*]" = YES;
				"INFOPLIST_KEY_UILaunchScreen_Generation[sdk=iphoneos*]" = YES;
				"INFOPLIST_KEY_UILaunchScreen_Generation[sdk=iphonesimulator*]" = YES;
				"INFOPLIST_KEY_UIStatusBarStyle[sdk=iphoneos*]" = UIStatusBarStyleDefault;
				"INFOPLIST_KEY_UIStatusBarStyle[sdk=iphonesimulator*]" = UIStatusBarStyleDefault;
				INFOPLIST_KEY_UISupportedInterfaceOrientations_iPad = "UIInterfaceOrientationPortrait UIInterfaceOrientationPortraitUpsideDown UIInterfaceOrientationLandscapeLeft UIInterfaceOrientationLandscapeRight";
				INFOPLIST_KEY_UISupportedInterfaceOrientations_iPhone = "UIInterfaceOrientationPortrait UIInterfaceOrientationLandscapeLeft UIInterfaceOrientationLandscapeRight";
				IPHONEOS_DEPLOYMENT_TARGET = 15.0;
				LD_RUNPATH_SEARCH_PATHS = "@executable_path/Frameworks";
				"LD_RUNPATH_SEARCH_PATHS[sdk=macosx*]" = "@executable_path/../Frameworks";
				MACOSX_DEPLOYMENT_TARGET = 14.4;
				MARKETING_VERSION = 1.0;
				PRODUCT_BUNDLE_IDENTIFIER = "com.smartsense.sslazylist.example.iOS-Example";
				PRODUCT_NAME = "$(TARGET_NAME)";
				SDKROOT = auto;
				SUPPORTED_PLATFORMS = "iphoneos iphonesimulator";
				SUPPORTS_MACCATALYST = NO;
				SWIFT_EMIT_LOC_STRINGS = YES;
				SWIFT_VERSION = 5.0;
				TARGETED_DEVICE_FAMILY = "1,2";
			};
			name = Debug;
		};
		047523012BF75AFB00A32F19 /* Release */ = {
			isa = XCBuildConfiguration;
			buildSettings = {
				ASSETCATALOG_COMPILER_APPICON_NAME = AppIcon;
				ASSETCATALOG_COMPILER_GLOBAL_ACCENT_COLOR_NAME = AccentColor;
				CODE_SIGN_ENTITLEMENTS = iOS_Example/iOS_Example.entitlements;
				CODE_SIGN_STYLE = Automatic;
				CURRENT_PROJECT_VERSION = 1;
				DEVELOPMENT_ASSET_PATHS = "\"iOS_Example/Preview Content\"";
				ENABLE_PREVIEWS = YES;
				GENERATE_INFOPLIST_FILE = YES;
				"INFOPLIST_KEY_UIApplicationSceneManifest_Generation[sdk=iphoneos*]" = YES;
				"INFOPLIST_KEY_UIApplicationSceneManifest_Generation[sdk=iphonesimulator*]" = YES;
				"INFOPLIST_KEY_UIApplicationSupportsIndirectInputEvents[sdk=iphoneos*]" = YES;
				"INFOPLIST_KEY_UIApplicationSupportsIndirectInputEvents[sdk=iphonesimulator*]" = YES;
				"INFOPLIST_KEY_UILaunchScreen_Generation[sdk=iphoneos*]" = YES;
				"INFOPLIST_KEY_UILaunchScreen_Generation[sdk=iphonesimulator*]" = YES;
				"INFOPLIST_KEY_UIStatusBarStyle[sdk=iphoneos*]" = UIStatusBarStyleDefault;
				"INFOPLIST_KEY_UIStatusBarStyle[sdk=iphonesimulator*]" = UIStatusBarStyleDefault;
				INFOPLIST_KEY_UISupportedInterfaceOrientations_iPad = "UIInterfaceOrientationPortrait UIInterfaceOrientationPortraitUpsideDown UIInterfaceOrientationLandscapeLeft UIInterfaceOrientationLandscapeRight";
				INFOPLIST_KEY_UISupportedInterfaceOrientations_iPhone = "UIInterfaceOrientationPortrait UIInterfaceOrientationLandscapeLeft UIInterfaceOrientationLandscapeRight";
				IPHONEOS_DEPLOYMENT_TARGET = 15.0;
				LD_RUNPATH_SEARCH_PATHS = "@executable_path/Frameworks";
				"LD_RUNPATH_SEARCH_PATHS[sdk=macosx*]" = "@executable_path/../Frameworks";
				MACOSX_DEPLOYMENT_TARGET = 14.4;
				MARKETING_VERSION = 1.0;
				PRODUCT_BUNDLE_IDENTIFIER = "com.smartsense.sslazylist.example.iOS-Example";
				PRODUCT_NAME = "$(TARGET_NAME)";
				SDKROOT = auto;
				SUPPORTED_PLATFORMS = "iphoneos iphonesimulator";
				SUPPORTS_MACCATALYST = NO;
				SWIFT_EMIT_LOC_STRINGS = YES;
				SWIFT_VERSION = 5.0;
				TARGETED_DEVICE_FAMILY = "1,2";
			};
			name = Release;
		};
		047523032BF75AFB00A32F19 /* Debug */ = {
			isa = XCBuildConfiguration;
			buildSettings = {
				ALWAYS_EMBED_SWIFT_STANDARD_LIBRARIES = YES;
				BUNDLE_LOADER = "$(TEST_HOST)";
				CODE_SIGN_STYLE = Automatic;
				CURRENT_PROJECT_VERSION = 1;
				GENERATE_INFOPLIST_FILE = YES;
				IPHONEOS_DEPLOYMENT_TARGET = 15.0;
				MACOSX_DEPLOYMENT_TARGET = 14.4;
				MARKETING_VERSION = 1.0;
				PRODUCT_BUNDLE_IDENTIFIER = "com.smartsense.sslazylist.example.iOS-ExampleTests";
				PRODUCT_NAME = "$(TARGET_NAME)";
				SDKROOT = auto;
				SUPPORTED_PLATFORMS = "iphoneos iphonesimulator";
				SUPPORTS_MACCATALYST = NO;
				SWIFT_EMIT_LOC_STRINGS = NO;
				SWIFT_VERSION = 5.0;
				TARGETED_DEVICE_FAMILY = "1,2";
				TEST_HOST = "$(BUILT_PRODUCTS_DIR)/iOS_Example.app/$(BUNDLE_EXECUTABLE_FOLDER_PATH)/iOS_Example";
			};
			name = Debug;
		};
		047523042BF75AFB00A32F19 /* Release */ = {
			isa = XCBuildConfiguration;
			buildSettings = {
				ALWAYS_EMBED_SWIFT_STANDARD_LIBRARIES = YES;
				BUNDLE_LOADER = "$(TEST_HOST)";
				CODE_SIGN_STYLE = Automatic;
				CURRENT_PROJECT_VERSION = 1;
				GENERATE_INFOPLIST_FILE = YES;
				IPHONEOS_DEPLOYMENT_TARGET = 15.0;
				MACOSX_DEPLOYMENT_TARGET = 14.4;
				MARKETING_VERSION = 1.0;
				PRODUCT_BUNDLE_IDENTIFIER = "com.smartsense.sslazylist.example.iOS-ExampleTests";
				PRODUCT_NAME = "$(TARGET_NAME)";
				SDKROOT = auto;
				SUPPORTED_PLATFORMS = "iphoneos iphonesimulator";
				SUPPORTS_MACCATALYST = NO;
				SWIFT_EMIT_LOC_STRINGS = NO;
				SWIFT_VERSION = 5.0;
				TARGETED_DEVICE_FAMILY = "1,2";
				TEST_HOST = "$(BUILT_PRODUCTS_DIR)/iOS_Example.app/$(BUNDLE_EXECUTABLE_FOLDER_PATH)/iOS_Example";
			};
			name = Release;
		};
		047523062BF75AFB00A32F19 /* Debug */ = {
			isa = XCBuildConfiguration;
			buildSettings = {
				ALWAYS_EMBED_SWIFT_STANDARD_LIBRARIES = YES;
				CODE_SIGN_STYLE = Automatic;
				CURRENT_PROJECT_VERSION = 1;
				GENERATE_INFOPLIST_FILE = YES;
				IPHONEOS_DEPLOYMENT_TARGET = 15.0;
				MACOSX_DEPLOYMENT_TARGET = 14.4;
				MARKETING_VERSION = 1.0;
				PRODUCT_BUNDLE_IDENTIFIER = "com.smartsense.sslazylist.example.iOS-ExampleUITests";
				PRODUCT_NAME = "$(TARGET_NAME)";
				SDKROOT = auto;
				SUPPORTED_PLATFORMS = "iphoneos iphonesimulator";
				SUPPORTS_MACCATALYST = NO;
				SWIFT_EMIT_LOC_STRINGS = NO;
				SWIFT_VERSION = 5.0;
				TARGETED_DEVICE_FAMILY = "1,2";
				TEST_TARGET_NAME = iOS_Example;
			};
			name = Debug;
		};
		047523072BF75AFB00A32F19 /* Release */ = {
			isa = XCBuildConfiguration;
			buildSettings = {
				ALWAYS_EMBED_SWIFT_STANDARD_LIBRARIES = YES;
				CODE_SIGN_STYLE = Automatic;
				CURRENT_PROJECT_VERSION = 1;
				GENERATE_INFOPLIST_FILE = YES;
				IPHONEOS_DEPLOYMENT_TARGET = 15.0;
				MACOSX_DEPLOYMENT_TARGET = 14.4;
				MARKETING_VERSION = 1.0;
				PRODUCT_BUNDLE_IDENTIFIER = "com.smartsense.sslazylist.example.iOS-ExampleUITests";
				PRODUCT_NAME = "$(TARGET_NAME)";
				SDKROOT = auto;
				SUPPORTED_PLATFORMS = "iphoneos iphonesimulator";
				SUPPORTS_MACCATALYST = NO;
				SWIFT_EMIT_LOC_STRINGS = NO;
				SWIFT_VERSION = 5.0;
				TARGETED_DEVICE_FAMILY = "1,2";
				TEST_TARGET_NAME = iOS_Example;
			};
			name = Release;
		};
/* End XCBuildConfiguration section */

/* Begin XCConfigurationList section */
		047522D52BF75AFA00A32F19 /* Build configuration list for PBXProject "iOS_Example" */ = {
			isa = XCConfigurationList;
			buildConfigurations = (
				047522FD2BF75AFB00A32F19 /* Debug */,
				047522FE2BF75AFB00A32F19 /* Release */,
			);
			defaultConfigurationIsVisible = 0;
			defaultConfigurationName = Release;
		};
		047522FF2BF75AFB00A32F19 /* Build configuration list for PBXNativeTarget "iOS_Example" */ = {
			isa = XCConfigurationList;
			buildConfigurations = (
				047523002BF75AFB00A32F19 /* Debug */,
				047523012BF75AFB00A32F19 /* Release */,
			);
			defaultConfigurationIsVisible = 0;
			defaultConfigurationName = Release;
		};
		047523022BF75AFB00A32F19 /* Build configuration list for PBXNativeTarget "iOS_ExampleTests" */ = {
			isa = XCConfigurationList;
			buildConfigurations = (
				047523032BF75AFB00A32F19 /* Debug */,
				047523042BF75AFB00A32F19 /* Release */,
			);
			defaultConfigurationIsVisible = 0;
			defaultConfigurationName = Release;
		};
		047523052BF75AFB00A32F19 /* Build configuration list for PBXNativeTarget "iOS_ExampleUITests" */ = {
			isa = XCConfigurationList;
			buildConfigurations = (
				047523062BF75AFB00A32F19 /* Debug */,
				047523072BF75AFB00A32F19 /* Release */,
			);
			defaultConfigurationIsVisible = 0;
			defaultConfigurationName = Release;
		};
/* End XCConfigurationList section */

/* Begin XCRemoteSwiftPackageReference section */
		04BFD2E12BFB207E008938B2 /* XCRemoteSwiftPackageReference "SSLazyList" */ = {
			isa = XCRemoteSwiftPackageReference;
			repositoryURL = "https://github.com/KalpeshJetaniSS/SSLazyList";
			requirement = {
				branch = main;
				kind = branch;
			};
		};
/* End XCRemoteSwiftPackageReference section */

/* Begin XCSwiftPackageProductDependency section */
		047523092BF75B1F00A32F19 /* SSLazyList */ = {
			isa = XCSwiftPackageProductDependency;
			productName = SSLazyList;
		};
		04BFD2E22BFB207E008938B2 /* SSLazyList */ = {
			isa = XCSwiftPackageProductDependency;
			package = 04BFD2E12BFB207E008938B2 /* XCRemoteSwiftPackageReference "SSLazyList" */;
			productName = SSLazyList;
		};
/* End XCSwiftPackageProductDependency section */
	};
	rootObject = 047522D22BF75AFA00A32F19 /* Project object */;
}
