{
  "originHash" : "5a40b88e655607044a2fb52a1a6868a2490edb1dd67284b8905ba3ec6284a08b",
  "pins" : [
    {
      "identity" : "sslazylist",
      "kind" : "remoteSourceControl",
      "location" : "https://github.com/smartSenseSolutions/SSLazyList",
      "state" : {
        "branch" : "development",
        "revision" : "f16812404d9fbc96c94cd37be7b06c7ccc5a981e"
      }
    }
  ],
  "version" : 3
}
