{
  "originHash" : "f45a70eaadd460bd4fc6c105918fe7eb7e4783f3e590da46bc92b60e9593613d",
  "pins" : [
    {
      "identity" : "sslazylist",
      "kind" : "remoteSourceControl",
      "location" : "https://github.com/KalpeshJetaniSS/SSLazyList",
      "state" : {
        "branch" : "main",
        "revision" : "09e92d6ab7e61fc71f232e15a57e4f058de31192"
      }
    }
  ],
  "version" : 3
}
